
Microsoft Visual Studio Solution File, Format Version 12.00
# Visual Studio 15
VisualStudioVersion = 15.0.28307.168
MinimumVisualStudioVersion = 10.0.40219.1
Project("{FAE04EC0-301F-11D3-BF4B-00C04F79EFBC}") = "myComp", "myComp\myComp.csproj", "{84008176-B927-4D7D-8C39-62F233DAD101}"
EndProject
Global
	GlobalSection(SolutionConfigurationPlatforms) = preSolution
		Debug|Any CPU = Debug|Any CPU
		Release|Any CPU = Release|Any CPU
	EndGlobalSection
	GlobalSection(ProjectConfigurationPlatforms) = postSolution
		{84008176-B927-4D7D-8C39-62F233DAD101}.Debug|Any CPU.ActiveCfg = Debug|Any CPU
		{84008176-B927-4D7D-8C39-62F233DAD101}.Debug|Any CPU.Build.0 = Debug|Any CPU
		{84008176-B927-4D7D-8C39-62F233DAD101}.Release|Any CPU.ActiveCfg = Release|Any CPU
		{84008176-B927-4D7D-8C39-62F233DAD101}.Release|Any CPU.Build.0 = Release|Any CPU
	EndGlobalSection
	GlobalSection(SolutionProperties) = preSolution
		HideSolutionNode = FALSE
	EndGlobalSection
	GlobalSection(ExtensibilityGlobals) = postSolution
		SolutionGuid = {340BCCA8-2209-459C-80DA-378C4AB6CC06}
	EndGlobalSection
EndGlobal
